{
  "name": "portfolio",
  "version": "1.0.0",
  "lockfileVersion": 2,
  "requires": true,
  "packages": {
    "": {
      "name": "portfolio",
      "version": "1.0.0",
      "license": "ISC",
      "dependencies": {
        "@types/swiper": "^6.0.0",
        "swiper": "^9.0.0"
      },
      "devDependencies": {
        "typescript": "^4.9.5"
      }
    },
    "node_modules/@types/swiper": {
      "version": "6.0.0",
      "resolved": "https://registry.npmjs.org/@types/swiper/-/swiper-6.0.0.tgz",
      "integrity": "sha512-QPZRgxZ+ivXXtzV43B3LxpXUIC7FE/EoKM+rtxngmgt2M7eeUYypZhyqZD8UxJtlBcUDw/ATGoVeSNpvBBrz2w==",
      "deprecated": "This is a stub types definition. swiper provides its own type definitions, so you do not need this installed.",
      "dependencies": {
        "swiper": "*"
      }
    },
    "node_modules/ssr-window": {
      "version": "4.0.2",
      "resolved": "https://registry.npmjs.org/ssr-window/-/ssr-window-4.0.2.tgz",
      "integrity": "sha512-ISv/Ch+ig7SOtw7G2+qkwfVASzazUnvlDTwypdLoPoySv+6MqlOV10VwPSE6EWkGjhW50lUmghPmpYZXMu/+AQ=="
    },
    "node_modules/swiper": {
      "version": "9.0.0",
      "resolved": "https://registry.npmjs.org/swiper/-/swiper-9.0.0.tgz",
      "integrity": "sha512-7MbA7gg8VEFwCTd14KK5HL8KagT2sKQwu04Oud+gR+ivg8gAFK5xtZrPNkXg1wjpQB0gdA34YBqsPkFJ5HiRdA==",
      "funding": [
        {
          "type": "patreon",
          "url": "https://www.patreon.com/swiperjs"
        },
        {
          "type": "open_collective",
          "url": "http://opencollective.com/swiper"
        }
      ],
      "dependencies": {
        "ssr-window": "^4.0.2"
      },
      "engines": {
        "node": ">= 4.7.0"
      }
    },
    "node_modules/typescript": {
      "version": "4.9.5",
      "resolved": "https://registry.npmjs.org/typescript/-/typescript-4.9.5.tgz",
      "integrity": "sha512-1FXk9E2Hm+QzZQ7z+McJiHL4NW1F2EzMu9Nq9i3zAaGqibafqYwCVU6WyWAuyQRRzOlxou8xZSyXLEN8oKj24g==",
      "dev": true,
      "bin": {
        "tsc": "bin/tsc",
        "tsserver": "bin/tsserver"
      },
      "engines": {
        "node": ">=4.2.0"
      }
    }
  },
  "dependencies": {
    "@types/swiper": {
      "version": "6.0.0",
      "resolved": "https://registry.npmjs.org/@types/swiper/-/swiper-6.0.0.tgz",
      "integrity": "sha512-QPZRgxZ+ivXXtzV43B3LxpXUIC7FE/EoKM+rtxngmgt2M7eeUYypZhyqZD8UxJtlBcUDw/ATGoVeSNpvBBrz2w==",
      "requires": {
        "swiper": "*"
      }
    },
    "ssr-window": {
      "version": "4.0.2",
      "resolved": "https://registry.npmjs.org/ssr-window/-/ssr-window-4.0.2.tgz",
      "integrity": "sha512-ISv/Ch+ig7SOtw7G2+qkwfVASzazUnvlDTwypdLoPoySv+6MqlOV10VwPSE6EWkGjhW50lUmghPmpYZXMu/+AQ=="
    },
    "swiper": {
      "version": "9.0.0",
      "resolved": "https://registry.npmjs.org/swiper/-/swiper-9.0.0.tgz",
      "integrity": "sha512-7MbA7gg8VEFwCTd14KK5HL8KagT2sKQwu04Oud+gR+ivg8gAFK5xtZrPNkXg1wjpQB0gdA34YBqsPkFJ5HiRdA==",
      "requires": {
        "ssr-window": "^4.0.2"
      }
    },
    "typescript": {
      "version": "4.9.5",
      "resolved": "https://registry.npmjs.org/typescript/-/typescript-4.9.5.tgz",
      "integrity": "sha512-1FXk9E2Hm+QzZQ7z+McJiHL4NW1F2EzMu9Nq9i3zAaGqibafqYwCVU6WyWAuyQRRzOlxou8xZSyXLEN8oKj24g==",
      "dev": true
    }
  }
}
